{
  "name": "mana-docs",
  "version": "1.0.0",
  "lockfileVersion": 2,
  "requires": true,
  "packages": {
    "": {
      "name": "mana-docs",
      "version": "1.0.0",
      "license": "(OFL-1.1 AND GPL-3.0-only)",
      "dependencies": {
        "mana-font": "^1.11.0",
        "zepto": "*"
      },
      "devDependencies": {}
    },
    "node_modules/mana-font": {
      "version": "1.11.0",
      "resolved": "https://registry.npmjs.org/mana-font/-/mana-font-1.11.0.tgz",
      "integrity": "sha512-BshWAMMp1PR5T3u46qFOnZfZHu0w14U2Ijr1PixQ7HqVabqGWLPbNIaoY2IwlAct/kQiB7OqY+N55BaTBgyEfg=="
    },
    "node_modules/zepto": {
      "version": "1.2.0",
      "resolved": "https://registry.npmjs.org/zepto/-/zepto-1.2.0.tgz",
      "integrity": "sha1-4Se9nmb9hGvl6rSME5SIL3wOT5g="
    }
  },
  "dependencies": {
    "mana-font": {
      "version": "1.11.0",
      "resolved": "https://registry.npmjs.org/mana-font/-/mana-font-1.11.0.tgz",
      "integrity": "sha512-BshWAMMp1PR5T3u46qFOnZfZHu0w14U2Ijr1PixQ7HqVabqGWLPbNIaoY2IwlAct/kQiB7OqY+N55BaTBgyEfg=="
    },
    "zepto": {
      "version": "1.2.0",
      "resolved": "https://registry.npmjs.org/zepto/-/zepto-1.2.0.tgz",
      "integrity": "sha1-4Se9nmb9hGvl6rSME5SIL3wOT5g="
    }
  }
}
