{
  "name": "mana-docs",
  "version": "1.0.0",
  "lockfileVersion": 2,
  "requires": true,
  "packages": {
    "": {
      "name": "mana-docs",
      "version": "1.0.0",
      "license": "(OFL-1.1 AND GPL-3.0-only)",
      "dependencies": {
        "mana-font": "^1.15.9",
        "zepto": "*"
      },
      "devDependencies": {}
    },
    "node_modules/mana-font": {
      "version": "1.15.9",
      "resolved": "https://registry.npmjs.org/mana-font/-/mana-font-1.15.9.tgz",
      "integrity": "sha512-VH7X8PpbnjMc1QnQ4PPWEtOIMa9+G8N5PaslyZq7J2h0x+201IfVvEFfZ9+hg/ciHBrqrDToL4X/VBy6pfi3BQ=="
    },
    "node_modules/zepto": {
      "version": "1.2.0",
      "resolved": "https://registry.npmjs.org/zepto/-/zepto-1.2.0.tgz",
      "integrity": "sha512-C1x6lfvBICFTQIMgbt3JqMOno3VOtkWat/xEakLTOurskYIHPmzJrzd1e8BnmtdDVJlGuk5D+FxyCA8MPmkIyA=="
    }
  },
  "dependencies": {
    "mana-font": {
      "version": "1.15.9",
      "resolved": "https://registry.npmjs.org/mana-font/-/mana-font-1.15.9.tgz",
      "integrity": "sha512-VH7X8PpbnjMc1QnQ4PPWEtOIMa9+G8N5PaslyZq7J2h0x+201IfVvEFfZ9+hg/ciHBrqrDToL4X/VBy6pfi3BQ=="
    },
    "zepto": {
      "version": "1.2.0",
      "resolved": "https://registry.npmjs.org/zepto/-/zepto-1.2.0.tgz",
      "integrity": "sha512-C1x6lfvBICFTQIMgbt3JqMOno3VOtkWat/xEakLTOurskYIHPmzJrzd1e8BnmtdDVJlGuk5D+FxyCA8MPmkIyA=="
    }
  }
}
