{
  "name": "mana-docs",
  "version": "1.0.0",
  "lockfileVersion": 1,
  "requires": true,
  "dependencies": {
    "mana-font": {
      "version": "1.4.0",
      "resolved": "https://registry.npmjs.org/mana-font/-/mana-font-1.4.0.tgz",
      "integrity": "sha512-5nCYWZuUZDfjeqDTsVqUhghTp26IZ7fHtA3x3ThcWDZnTTXBEaF9/TYJAS3S4+wb9it2QQImJfRYjwp/w4DRhA=="
    },
    "zepto": {
      "version": "1.2.0",
      "resolved": "https://registry.npmjs.org/zepto/-/zepto-1.2.0.tgz",
      "integrity": "sha1-4Se9nmb9hGvl6rSME5SIL3wOT5g="
    }
  }
}
